// !$*UTF8*$!
{
	archiveVersion = 1;
	classes = {
	};
	objectVersion = 46;
	objects = {

/* Begin PBXBuildFile section */
		F7C1D6471D5BAD3900BE7934 /* main.c in Sources */ = {isa = PBXBuildFile; fileRef = F7C1D6461D5BAD3900BE7934 /* main.c */; };
/* End PBXBuildFile section */

/* Begin PBXCopyFilesBuildPhase section */
		F7C1D6411D5BAD3900BE7934 /* CopyFiles */ = {
			isa = PBXCopyFilesBuildPhase;
			buildActionMask = 2147483647;
			dstPath = /usr/share/man/man1/;
			dstSubfolderSpec = 0;
			files = (
			);
			runOnlyForDeploymentPostprocessing = 1;
		};
/* End PBXCopyFilesBuildPhase section */

/* Begin PBXFileReference section */
		F7C1D6431D5BAD3900BE7934 /* Safecracker */ = {isa = PBXFileReference; explicitFileType = "compiled.mach-o.executable"; includeInIndex = 0; path = Safecracker; sourceTree = BUILT_PRODUCTS_DIR; };
		F7C1D6461D5BAD3900BE7934 /* main.c */ = {isa = PBXFileReference; lastKnownFileType = sourcecode.c.c; path = main.c; sourceTree = "<group>"; };
/* End PBXFileReference section */

/* Begin PBXFrameworksBuildPhase section */
		F7C1D6401D5BAD3900BE7934 /* Frameworks */ = {
			isa = PBXFrameworksBuildPhase;
			buildActionMask = 2147483647;
			files = (
			);
			runOnlyForDeploymentPostprocessing = 0;
		};
/* End PBXFrameworksBuildPhase section */

/* Begin PBXGroup section */
		F7C1D63A1D5BAD3900BE7934 = {
			isa = PBXGroup;
			children = (
				F7C1D6451D5BAD3900BE7934 /* Safecracker */,
				F7C1D6441D5BAD3900BE7934 /* Products */,
			);
			sourceTree = "<group>";
		};
		F7C1D6441D5BAD3900BE7934 /* Products */ = {
			isa = PBXGroup;
			children = (
				F7C1D6431D5BAD3900BE7934 /* Safecracker */,
			);
			name = Products;
			sourceTree = "<group>";
		};
		F7C1D6451D5BAD3900BE7934 /* Safecracker */ = {
			isa = PBXGroup;
			children = (
				F7C1D6461D5BAD3900BE7934 /* main.c */,
			);
			path = Safecracker;
			sourceTree = "<group>";
		};
/* End PBXGroup section */

/* Begin PBXNativeTarget section */
		F7C1D6421D5BAD3900BE7934 /* Safecracker */ = {
			isa = PBXNativeTarget;
			buildConfigurationList = F7C1D64A1D5BAD3900BE7934 /* Build configuration list for PBXNativeTarget "Safecracker" */;
			buildPhases = (
				F7C1D63F1D5BAD3900BE7934 /* Sources */,
				F7C1D6401D5BAD3900BE7934 /* Frameworks */,
				F7C1D6411D5BAD3900BE7934 /* CopyFiles */,
			);
			buildRules = (
			);
			dependencies = (
			);
			name = Safecracker;
			productName = Safecracker;
			productReference = F7C1D6431D5BAD3900BE7934 /* Safecracker */;
			productType = "com.apple.product-type.tool";
		};
/* End PBXNativeTarget section */

/* Begin PBXProject section */
		F7C1D63B1D5BAD3900BE7934 /* Project object */ = {
			isa = PBXProject;
			attributes = {
				LastUpgradeCheck = 0800;
				ORGANIZATIONNAME = "Dan Esrey";
				TargetAttributes = {
					F7C1D6421D5BAD3900BE7934 = {
						CreatedOnToolsVersion = 8.0;
						DevelopmentTeam = 6EFGV8H972;
						ProvisioningStyle = Automatic;
					};
				};
			};
			buildConfigurationList = F7C1D63E1D5BAD3900BE7934 /* Build configuration list for PBXProject "Safecracker" */;
			compatibilityVersion = "Xcode 3.2";
			developmentRegion = English;
			hasScannedForEncodings = 0;
			knownRegions = (
				en,
			);
			mainGroup = F7C1D63A1D5BAD3900BE7934;
			productRefGroup = F7C1D6441D5BAD3900BE7934 /* Products */;
			projectDirPath = "";
			projectRoot = "";
			targets = (
				F7C1D6421D5BAD3900BE7934 /* Safecracker */,
			);
		};
/* End PBXProject section */

/* Begin PBXSourcesBuildPhase section */
		F7C1D63F1D5BAD3900BE7934 /* Sources */ = {
			isa = PBXSourcesBuildPhase;
			buildActionMask = 2147483647;
			files = (
				F7C1D6471D5BAD3900BE7934 /* main.c in Sources */,
			);
			runOnlyForDeploymentPostprocessing = 0;
		};
/* End PBXSourcesBuildPhase section */

/* Begin XCBuildConfiguration section */
		F7C1D6481D5BAD3900BE7934 /* Debug */ = {
			isa = XCBuildConfiguration;
			buildSettings = {
				ALWAYS_SEARCH_USER_PATHS = NO;
				CLANG_ANALYZER_NONNULL = YES;
				CLANG_CXX_LANGUAGE_STANDARD = "gnu++0x";
				CLANG_CXX_LIBRARY = "libc++";
				CLANG_ENABLE_MODULES = YES;
				CLANG_ENABLE_OBJC_ARC = YES;
				CLANG_WARN_BOOL_CONVERSION = YES;
				CLANG_WARN_CONSTANT_CONVERSION = YES;
				CLANG_WARN_DIRECT_OBJC_ISA_USAGE = YES_ERROR;
				CLANG_WARN_DOCUMENTATION_COMMENTS = YES;
				CLANG_WARN_EMPTY_BODY = YES;
				CLANG_WARN_ENUM_CONVERSION = YES;
				CLANG_WARN_INFINITE_RECURSION = YES;
				CLANG_WARN_INT_CONVERSION = YES;
				CLANG_WARN_OBJC_ROOT_CLASS = YES_ERROR;
				CLANG_WARN_SUSPICIOUS_MOVES = YES;
				CLANG_WARN_UNREACHABLE_CODE = YES;
				CLANG_WARN__DUPLICATE_METHOD_MATCH = YES;
				CODE_SIGN_IDENTITY = "-";
				COPY_PHASE_STRIP = NO;
				DEBUG_INFORMATION_FORMAT = dwarf;
				ENABLE_STRICT_OBJC_MSGSEND = YES;
				ENABLE_TESTABILITY = YES;
				GCC_C_LANGUAGE_STANDARD = gnu99;
				GCC_DYNAMIC_NO_PIC = NO;
				GCC_NO_COMMON_BLOCKS = YES;
				GCC_OPTIMIZATION_LEVEL = 0;
				GCC_PREPROCESSOR_DEFINITIONS = (
					"DEBUG=1",
					"$(inherited)",
				);
				GCC_WARN_64_TO_32_BIT_CONVERSION = YES;
				GCC_WARN_ABOUT_RETURN_TYPE = YES_ERROR;
				GCC_WARN_UNDECLARED_SELECTOR = YES;
				GCC_WARN_UNINITIALIZED_AUTOS = YES_AGGRESSIVE;
				GCC_WARN_UNUSED_FUNCTION = YES;
				GCC_WARN_UNUSED_VARIABLE = YES;
				MACOSX_DEPLOYMENT_TARGET = 10.11;
				MTL_ENABLE_DEBUG_INFO = YES;
				ONLY_ACTIVE_ARCH = YES;
				SDKROOT = macosx;
			};
			name = Debug;
		};
		F7C1D6491D5BAD3900BE7934 /* Release */ = {
			isa = XCBuildConfiguration;
			buildSettings = {
				ALWAYS_SEARCH_USER_PATHS = NO;
				CLANG_ANALYZER_NONNULL = YES;
				CLANG_CXX_LANGUAGE_STANDARD = "gnu++0x";
				CLANG_CXX_LIBRARY = "libc++";
				CLANG_ENABLE_MODULES = YES;
				CLANG_ENABLE_OBJC_ARC = YES;
				CLANG_WARN_BOOL_CONVERSION = YES;
				CLANG_WARN_CONSTANT_CONVERSION = YES;
				CLANG_WARN_DIRECT_OBJC_ISA_USAGE = YES_ERROR;
				CLANG_WARN_DOCUMENTATION_COMMENTS = YES;
				CLANG_WARN_EMPTY_BODY = YES;
				CLANG_WARN_ENUM_CONVERSION = YES;
				CLANG_WARN_INFINITE_RECURSION = YES;
				CLANG_WARN_INT_CONVERSION = YES;
				CLANG_WARN_OBJC_ROOT_CLASS = YES_ERROR;
				CLANG_WARN_SUSPICIOUS_MOVES = YES;
				CLANG_WARN_UNREACHABLE_CODE = YES;
				CLANG_WARN__DUPLICATE_METHOD_MATCH = YES;
				CODE_SIGN_IDENTITY = "-";
				COPY_PHASE_STRIP = NO;
				DEBUG_INFORMATION_FORMAT = "dwarf-with-dsym";
				ENABLE_NS_ASSERTIONS = NO;
				ENABLE_STRICT_OBJC_MSGSEND = YES;
				GCC_C_LANGUAGE_STANDARD = gnu99;
				GCC_NO_COMMON_BLOCKS = YES;
				GCC_WARN_64_TO_32_BIT_CONVERSION = YES;
				GCC_WARN_ABOUT_RETURN_TYPE = YES_ERROR;
				GCC_WARN_UNDECLARED_SELECTOR = YES;
				GCC_WARN_UNINITIALIZED_AUTOS = YES_AGGRESSIVE;
				GCC_WARN_UNUSED_FUNCTION = YES;
				GCC_WARN_UNUSED_VARIABLE = YES;
				MACOSX_DEPLOYMENT_TARGET = 10.11;
				MTL_ENABLE_DEBUG_INFO = NO;
				SDKROOT = macosx;
			};
			name = Release;
		};
		F7C1D64B1D5BAD3900BE7934 /* Debug */ = {
			isa = XCBuildConfiguration;
			buildSettings = {
				DEVELOPMENT_TEAM = 6EFGV8H972;
				PRODUCT_NAME = "$(TARGET_NAME)";
			};
			name = Debug;
		};
		F7C1D64C1D5BAD3900BE7934 /* Release */ = {
			isa = XCBuildConfiguration;
			buildSettings = {
				DEVELOPMENT_TEAM = 6EFGV8H972;
				PRODUCT_NAME = "$(TARGET_NAME)";
			};
			name = Release;
		};
/* End XCBuildConfiguration section */

/* Begin XCConfigurationList section */
		F7C1D63E1D5BAD3900BE7934 /* Build configuration list for PBXProject "Safecracker" */ = {
			isa = XCConfigurationList;
			buildConfigurations = (
				F7C1D6481D5BAD3900BE7934 /* Debug */,
				F7C1D6491D5BAD3900BE7934 /* Release */,
			);
			defaultConfigurationIsVisible = 0;
			defaultConfigurationName = Release;
		};
		F7C1D64A1D5BAD3900BE7934 /* Build configuration list for PBXNativeTarget "Safecracker" */ = {
			isa = XCConfigurationList;
			buildConfigurations = (
				F7C1D64B1D5BAD3900BE7934 /* Debug */,
				F7C1D64C1D5BAD3900BE7934 /* Release */,
			);
			defaultConfigurationIsVisible = 0;
		};
/* End XCConfigurationList section */
	};
	rootObject = F7C1D63B1D5BAD3900BE7934 /* Project object */;
}
